github.com/MagnusFrater/groupme v0.2.1 h1:I3UxVVSfwJAkz5w4OkmY5i8wjB4smQiAbXvK8XrUvrg=
github.com/MagnusFrater/groupme v0.2.1/go.mod h1:RQEd22RRmBeTHFBBQBRNs1L3rAi8rNsD6WHJPPoKuMQ=
github.com/MagnusFrater/groupme v0.2.2 h1:NddksOuGjbf4kxqG6q/MH0Y8BTd5HJa83M6g6ecC6Jo=
github.com/MagnusFrater/groupme v0.2.2/go.mod h1:RQEd22RRmBeTHFBBQBRNs1L3rAi8rNsD6WHJPPoKuMQ=
github.com/MagnusFrater/groupme v0.3.0 h1:8AGXrLOEwTaOrOh2IpRtN3kFB7I5UM7Wu0tnmyp9gp8=
github.com/MagnusFrater/groupme v0.3.0/go.mod h1:RQEd22RRmBeTHFBBQBRNs1L3rAi8rNsD6WHJPPoKuMQ=
